# Code generated by dendrite; DO NOT EDIT.
tools:
    - name: kubernetes/kubectl@v1.36.0
      assets:
        darwin_arm64:
            url: https://dl.k8s.io/release/v1.36.0/bin/darwin/arm64/kubectl
            sha256: sha256-S88mjqzcHS33TjfYb2OfJ8p96jrhhbe0Urc7n7XdwU4=
    - name: kubernetes-sigs/kustomize@kustomize/v5.8.1
      assets:
        darwin_arm64:
            url: https://github.com/kubernetes-sigs/kustomize/releases/download/kustomize/v5.8.1/kustomize_v5.8.1_darwin_arm64.tar.gz
            sha256: sha256-iIb4p4R05gjMgSNPcp/aGIqXZ9oj4oklgC8A7OK6sog=
    - name: kubernetes-sigs/kind@v0.31.0
      assets:
        darwin_arm64:
            url: https://github.com/kubernetes-sigs/kind/releases/download/v0.31.0/kind-darwin-arm64
            sha256: sha256-iL9VT+naYxHJ+MLQgmE8ACkRpHb2tQkOlCCzXYTnDFw=
    - name: kubernetes-sigs/kubebuilder@v4.14.0
      assets:
        darwin_arm64:
            url: https://github.com/kubernetes-sigs/kubebuilder/releases/download/v4.14.0/kubebuilder_darwin_arm64
            sha256: sha256-DB6yrBP0nkI5LgOSSlHY94ARCHSqUSvRKD8Gj/GvPEE=
    - name: kubernetes-sigs/cluster-api@v1.13.1
      assets:
        darwin_arm64:
            url: https://github.com/kubernetes-sigs/cluster-api/releases/download/v1.13.1/clusterctl-darwin-arm64
            sha256: sha256-+JzgMxiDkqRwgE7s7vcmxNLehuNhLF9sV381IO1Vymg=
    - name: derailed/k9s@v0.51.0
      assets:
        darwin_arm64:
            url: https://github.com/derailed/k9s/releases/download/v0.51.0/k9s_Darwin_arm64.tar.gz
            sha256: sha256-m4wOj0YeXTOu7kOmf170r/ZGoAinhoh7gmbLsVPGEMw=
    - name: helm/helm@v4.1.4
      assets:
        darwin_arm64:
            url: https://get.helm.sh/helm-v4.1.4-darwin-arm64.tar.gz
            sha256: sha256-fC7KZ46AAfqGPN+Mv2rBs3mflASonrVcCCYO9XMuZY0=
    - name: argoproj/argo-cd@v3.4.1
      assets:
        darwin_arm64:
            url: https://github.com/argoproj/argo-cd/releases/download/v3.4.1/argocd-darwin-arm64
            sha256: sha256-Jqo566wiCpWU5qcqCXffTBTVH8Pc+J8hYkzbBY14a04=
    - name: hashicorp/terraform@v1.15.2
      assets:
        darwin_arm64:
            url: https://releases.hashicorp.com/terraform/1.15.2/terraform_1.15.2_darwin_arm64.zip
            sha256: sha256-QgS8NFBBinzkI+WEUbBT5drtYlrWxqFd6YvAk0Umn5k=
    - name: bufbuild/buf@v1.69.0
      assets:
        darwin_arm64:
            url: https://github.com/bufbuild/buf/releases/download/v1.69.0/buf-Darwin-arm64.tar.gz
            sha256: sha256-JGU0Z0I58ybdGtJkLleGXdVtxOmMSFfRPabspNOhaK0=
    - name: protocolbuffers/protobuf@v34.1
      assets:
        darwin_arm64:
            url: https://github.com/protocolbuffers/protobuf/releases/download/v34.1/protoc-34.1-osx-aarch_64.zip
            sha256: sha256-LH6SuLV4kWk33xMrMDLi6ObBcIYuz3qDMwlKbz0DZQw=
    - name: oven-sh/bun@bun-v1.3.13
      assets:
        darwin_arm64:
            url: https://github.com/oven-sh/bun/releases/download/bun-v1.3.13/bun-darwin-aarch64.zip
            sha256: sha256-VGfj9l26Umuf6pjwzOBO+vwMY+Fpcz7Ce4dqOtMtoZA=
    - name: astral-sh/uv@0.11.11
      assets:
        darwin_arm64:
            url: https://github.com/astral-sh/uv/releases/download/0.11.11/uv-aarch64-apple-darwin.tar.gz
            sha256: sha256-Ohhb+PRqe3yLkQ0RGCWQexY40K5QPLPDM64gV3I1QEY=
    - name: go-delve/delve@v1.26.3
      assets:
        darwin_arm64:
            url: https://github.com/go-delve/delve/releases/download/v1.26.3/dlv_1.26.3_darwin_arm64.tar.gz
            sha256: sha256-fyhIOkLwqRHymyNqpA0k1wmfGw7FTFbE1DmmkD1Hij0=
    - name: sivchari/gopls-lazy@v0.4.1
      assets:
        darwin_arm64:
            url: https://github.com/sivchari/gopls-lazy/releases/download/v0.4.1/gopls-lazy_0.4.1_darwin_arm64.tar.gz
            sha256: sha256-KSW+vXA7AT7zwX2ZkHE8D3ex21YHe90ewL8sl/Wx4X8=
    - name: JohnnyMorganz/StyLua@v2.4.1
      assets:
        darwin_arm64:
            url: https://github.com/JohnnyMorganz/StyLua/releases/download/v2.4.1/stylua-macos-aarch64.zip
            sha256: sha256-wWgMM3yNeZtCJqEOisZ0Rgb9ALAeswRhILUibjEwaAk=
    - name: cue-lang/cue@v0.16.1
      assets:
        darwin_arm64:
            url: https://github.com/cue-lang/cue/releases/download/v0.16.1/cue_v0.16.1_darwin_arm64.tar.gz
            sha256: sha256-pysM3bN3xS0bADvtmjNdiTtwzXWhgs1eP+6LrjDdttY=
    - name: BurntSushi/ripgrep@15.1.0
      assets:
        darwin_arm64:
            url: https://github.com/BurntSushi/ripgrep/releases/download/15.1.0/ripgrep-15.1.0-aarch64-apple-darwin.tar.gz
            sha256: sha256-N46XMokXbKDGBUBU7n9jGgZYdKNSv0Pw+mDvB5trpxU=
    - name: junegunn/fzf@v0.72.0
      assets:
        darwin_arm64:
            url: https://github.com/junegunn/fzf/releases/download/v0.72.0/fzf-0.72.0-darwin_arm64.tar.gz
            sha256: sha256-TL+H6OijQmFMHj50ZwzrGMKvmYxNTQw3nP7ptSB3TpA=
    - name: mikefarah/yq@v4.53.2
      assets:
        darwin_arm64:
            url: https://github.com/mikefarah/yq/releases/download/v4.53.2/yq_darwin_arm64.tar.gz
            sha256: sha256-8TXAxg7dXe0RvEGNEnEcJZeVsXUBES6EPpPno5WaPUE=
    - name: Wilfred/difftastic@0.69.0
      assets:
        darwin_arm64:
            url: https://github.com/Wilfred/difftastic/releases/download/0.69.0/difft-aarch64-apple-darwin.tar.gz
            sha256: sha256-yVi4eIWlglo1bFiZrH7N11KnlCCEGZ8r5LwL+MnejjM=
    - name: modem-dev/hunk@v0.17.0
      assets:
        darwin_arm64:
            url: https://github.com/modem-dev/hunk/releases/download/v0.17.0/hunkdiff-darwin-arm64.tar.gz
            sha256: sha256-cAIhZppRt4yDWYW0nKZ+Wku6r9tDSmygP50mL3qCaT4=
    - name: cli/cli@v2.92.0
      assets:
        darwin_arm64:
            url: https://github.com/cli/cli/releases/download/v2.92.0/gh_2.92.0_macOS_arm64.zip
            sha256: sha256-sRxU9r19Fe1lkEdQeeWy/PNvRdOZGoAEGynJ0MwfHQc=
    - name: x-motemen/ghq@v1.10.1
      assets:
        darwin_arm64:
            url: https://github.com/x-motemen/ghq/releases/download/v1.10.1/ghq_darwin_arm64.zip
            sha256: sha256-XjEA3gxaJI7r5qsXatlNbhI4avcKWMU1NopDAYYbE5g=
    - name: jesseduffield/lazygit@v0.61.1
      assets:
        darwin_arm64:
            url: https://github.com/jesseduffield/lazygit/releases/download/v0.61.1/lazygit_0.61.1_darwin_arm64.tar.gz
            sha256: sha256-y2ZfrsktFXTTmCloacCE0rloZGSkKAZVi5Z7uHzQe8k=
    - name: rossmacarthur/sheldon@0.8.5
      assets:
        darwin_arm64:
            url: https://github.com/rossmacarthur/sheldon/releases/download/0.8.5/sheldon-0.8.5-aarch64-apple-darwin.tar.gz
            sha256: sha256-bkfxCiXxZbCV6yveGrYX1NNK1vP/LKmEFnypT63VJzA=
    - name: carapace-sh/carapace-bin@v1.6.5
      assets:
        darwin_arm64:
            url: https://github.com/carapace-sh/carapace-bin/releases/download/v1.6.5/carapace-bin_1.6.5_darwin_arm64.tar.gz
            sha256: sha256-lxXDwImOJbVE27h2jMZyf4L8nn0+81Il26qdY2NFKlM=
    - name: charmbracelet/vhs@v0.11.0
      assets:
        darwin_arm64:
            url: https://github.com/charmbracelet/vhs/releases/download/v0.11.0/vhs_0.11.0_Darwin_arm64.tar.gz
            sha256: sha256-7ske5FC6ULbU/OKABZOyrF/diKcwVjZ9LDuHDuRN4/c=
    - name: oras-project/oras@v1.3.2
      assets:
        darwin_arm64:
            url: https://github.com/oras-project/oras/releases/download/v1.3.2/oras_1.3.2_darwin_arm64.tar.gz
            sha256: sha256-eSn3ks8nImhBI3XsrW8Ps8IPFkNo1bV5ZuZ61tNuylM=
    - name: tilt-dev/tilt@v0.37.3
      assets:
        darwin_arm64:
            url: https://github.com/tilt-dev/tilt/releases/download/v0.37.3/tilt.0.37.3.mac.arm64.tar.gz
            sha256: sha256-TR9OYEqlymWi3w0ZyemzUc+XA76Ib1L6Xzr9MX2Wj/0=
    - name: herdrdev/herdr@v0.8.0
      assets:
        darwin_arm64:
            url: https://github.com/herdrdev/herdr/releases/download/v0.8.0/herdr-macos-aarch64
            sha256: sha256-1Tqfk/zP38xVYyknv1EAL1rdCqeZC831CP+9hKxlgXg=
